// !$*UTF8*$!
{
	archiveVersion = 1;
	classes = {
	};
	objectVersion = 56;
	objects = {

/* Begin PBXBuildFile section */
		A1DB5ECC2A46F2FE0062D57B /* github_demo_uploadApp.swift in Sources */ = {isa = PBXBuildFile; fileRef = A1DB5ECB2A46F2FE0062D57B /* github_demo_uploadApp.swift */; };
		A1DB5ECE2A46F2FE0062D57B /* ContentView.swift in Sources */ = {isa = PBXBuildFile; fileRef = A1DB5ECD2A46F2FE0062D57B /* ContentView.swift */; };
		A1DB5ED02A46F3000062D57B /* Assets.xcassets in Resources */ = {isa = PBXBuildFile; fileRef = A1DB5ECF2A46F3000062D57B /* Assets.xcassets */; };
		A1DB5ED32A46F3000062D57B /* Preview Assets.xcassets in Resources */ = {isa = PBXBuildFile; fileRef = A1DB5ED22A46F3000062D57B /* Preview Assets.xcassets */; };
		A1DB5EDD2A46F3000062D57B /* github_demo_uploadTests.swift in Sources */ = {isa = PBXBuildFile; fileRef = A1DB5EDC2A46F3000062D57B /* github_demo_uploadTests.swift */; };
		A1DB5EE72A46F3000062D57B /* github_demo_uploadUITests.swift in Sources */ = {isa = PBXBuildFile; fileRef = A1DB5EE62A46F3000062D57B /* github_demo_uploadUITests.swift */; };
		A1DB5EE92A46F3000062D57B /* github_demo_uploadUITestsLaunchTests.swift in Sources */ = {isa = PBXBuildFile; fileRef = A1DB5EE82A46F3000062D57B /* github_demo_uploadUITestsLaunchTests.swift */; };
/* End PBXBuildFile section */

/* Begin PBXContainerItemProxy section */
		A1DB5ED92A46F3000062D57B /* PBXContainerItemProxy */ = {
			isa = PBXContainerItemProxy;
			containerPortal = A1DB5EC02A46F2FE0062D57B /* Project object */;
			proxyType = 1;
			remoteGlobalIDString = A1DB5EC72A46F2FE0062D57B;
			remoteInfo = github_demo_upload;
		};
		A1DB5EE32A46F3000062D57B /* PBXContainerItemProxy */ = {
			isa = PBXContainerItemProxy;
			containerPortal = A1DB5EC02A46F2FE0062D57B /* Project object */;
			proxyType = 1;
			remoteGlobalIDString = A1DB5EC72A46F2FE0062D57B;
			remoteInfo = github_demo_upload;
		};
/* End PBXContainerItemProxy section */

/* Begin PBXFileReference section */
		A1DB5EC82A46F2FE0062D57B /* github_demo_upload.app */ = {isa = PBXFileReference; explicitFileType = wrapper.application; includeInIndex = 0; path = github_demo_upload.app; sourceTree = BUILT_PRODUCTS_DIR; };
		A1DB5ECB2A46F2FE0062D57B /* github_demo_uploadApp.swift */ = {isa = PBXFileReference; lastKnownFileType = sourcecode.swift; path = github_demo_uploadApp.swift; sourceTree = "<group>"; };
		A1DB5ECD2A46F2FE0062D57B /* ContentView.swift */ = {isa = PBXFileReference; lastKnownFileType = sourcecode.swift; path = ContentView.swift; sourceTree = "<group>"; };
		A1DB5ECF2A46F3000062D57B /* Assets.xcassets */ = {isa = PBXFileReference; lastKnownFileType = folder.assetcatalog; path = Assets.xcassets; sourceTree = "<group>"; };
		A1DB5ED22A46F3000062D57B /* Preview Assets.xcassets */ = {isa = PBXFileReference; lastKnownFileType = folder.assetcatalog; path = "Preview Assets.xcassets"; sourceTree = "<group>"; };
		A1DB5ED82A46F3000062D57B /* github_demo_uploadTests.xctest */ = {isa = PBXFileReference; explicitFileType = wrapper.cfbundle; includeInIndex = 0; path = github_demo_uploadTests.xctest; sourceTree = BUILT_PRODUCTS_DIR; };
		A1DB5EDC2A46F3000062D57B /* github_demo_uploadTests.swift */ = {isa = PBXFileReference; lastKnownFileType = sourcecode.swift; path = github_demo_uploadTests.swift; sourceTree = "<group>"; };
		A1DB5EE22A46F3000062D57B /* github_demo_uploadUITests.xctest */ = {isa = PBXFileReference; explicitFileType = wrapper.cfbundle; includeInIndex = 0; path = github_demo_uploadUITests.xctest; sourceTree = BUILT_PRODUCTS_DIR; };
		A1DB5EE62A46F3000062D57B /* github_demo_uploadUITests.swift */ = {isa = PBXFileReference; lastKnownFileType = sourcecode.swift; path = github_demo_uploadUITests.swift; sourceTree = "<group>"; };
		A1DB5EE82A46F3000062D57B /* github_demo_uploadUITestsLaunchTests.swift */ = {isa = PBXFileReference; lastKnownFileType = sourcecode.swift; path = github_demo_uploadUITestsLaunchTests.swift; sourceTree = "<group>"; };
/* End PBXFileReference section */

/* Begin PBXFrameworksBuildPhase section */
		A1DB5EC52A46F2FE0062D57B /* Frameworks */ = {
			isa = PBXFrameworksBuildPhase;
			buildActionMask = 2147483647;
			files = (
			);
			runOnlyForDeploymentPostprocessing = 0;
		};
		A1DB5ED52A46F3000062D57B /* Frameworks */ = {
			isa = PBXFrameworksBuildPhase;
			buildActionMask = 2147483647;
			files = (
			);
			runOnlyForDeploymentPostprocessing = 0;
		};
		A1DB5EDF2A46F3000062D57B /* Frameworks */ = {
			isa = PBXFrameworksBuildPhase;
			buildActionMask = 2147483647;
			files = (
			);
			runOnlyForDeploymentPostprocessing = 0;
		};
/* End PBXFrameworksBuildPhase section */

/* Begin PBXGroup section */
		A1DB5EBF2A46F2FD0062D57B = {
			isa = PBXGroup;
			children = (
				A1DB5ECA2A46F2FE0062D57B /* github_demo_upload */,
				A1DB5EDB2A46F3000062D57B /* github_demo_uploadTests */,
				A1DB5EE52A46F3000062D57B /* github_demo_uploadUITests */,
				A1DB5EC92A46F2FE0062D57B /* Products */,
			);
			sourceTree = "<group>";
		};
		A1DB5EC92A46F2FE0062D57B /* Products */ = {
			isa = PBXGroup;
			children = (
				A1DB5EC82A46F2FE0062D57B /* github_demo_upload.app */,
				A1DB5ED82A46F3000062D57B /* github_demo_uploadTests.xctest */,
				A1DB5EE22A46F3000062D57B /* github_demo_uploadUITests.xctest */,
			);
			name = Products;
			sourceTree = "<group>";
		};
		A1DB5ECA2A46F2FE0062D57B /* github_demo_upload */ = {
			isa = PBXGroup;
			children = (
				A1DB5ECB2A46F2FE0062D57B /* github_demo_uploadApp.swift */,
				A1DB5ECD2A46F2FE0062D57B /* ContentView.swift */,
				A1DB5ECF2A46F3000062D57B /* Assets.xcassets */,
				A1DB5ED12A46F3000062D57B /* Preview Content */,
			);
			path = github_demo_upload;
			sourceTree = "<group>";
		};
		A1DB5ED12A46F3000062D57B /* Preview Content */ = {
			isa = PBXGroup;
			children = (
				A1DB5ED22A46F3000062D57B /* Preview Assets.xcassets */,
			);
			path = "Preview Content";
			sourceTree = "<group>";
		};
		A1DB5EDB2A46F3000062D57B /* github_demo_uploadTests */ = {
			isa = PBXGroup;
			children = (
				A1DB5EDC2A46F3000062D57B /* github_demo_uploadTests.swift */,
			);
			path = github_demo_uploadTests;
			sourceTree = "<group>";
		};
		A1DB5EE52A46F3000062D57B /* github_demo_uploadUITests */ = {
			isa = PBXGroup;
			children = (
				A1DB5EE62A46F3000062D57B /* github_demo_uploadUITests.swift */,
				A1DB5EE82A46F3000062D57B /* github_demo_uploadUITestsLaunchTests.swift */,
			);
			path = github_demo_uploadUITests;
			sourceTree = "<group>";
		};
/* End PBXGroup section */

/* Begin PBXNativeTarget section */
		A1DB5EC72A46F2FE0062D57B /* github_demo_upload */ = {
			isa = PBXNativeTarget;
			buildConfigurationList = A1DB5EEC2A46F3000062D57B /* Build configuration list for PBXNativeTarget "github_demo_upload" */;
			buildPhases = (
				A1DB5EC42A46F2FE0062D57B /* Sources */,
				A1DB5EC52A46F2FE0062D57B /* Frameworks */,
				A1DB5EC62A46F2FE0062D57B /* Resources */,
			);
			buildRules = (
			);
			dependencies = (
			);
			name = github_demo_upload;
			productName = github_demo_upload;
			productReference = A1DB5EC82A46F2FE0062D57B /* github_demo_upload.app */;
			productType = "com.apple.product-type.application";
		};
		A1DB5ED72A46F3000062D57B /* github_demo_uploadTests */ = {
			isa = PBXNativeTarget;
			buildConfigurationList = A1DB5EEF2A46F3000062D57B /* Build configuration list for PBXNativeTarget "github_demo_uploadTests" */;
			buildPhases = (
				A1DB5ED42A46F3000062D57B /* Sources */,
				A1DB5ED52A46F3000062D57B /* Frameworks */,
				A1DB5ED62A46F3000062D57B /* Resources */,
			);
			buildRules = (
			);
			dependencies = (
				A1DB5EDA2A46F3000062D57B /* PBXTargetDependency */,
			);
			name = github_demo_uploadTests;
			productName = github_demo_uploadTests;
			productReference = A1DB5ED82A46F3000062D57B /* github_demo_uploadTests.xctest */;
			productType = "com.apple.product-type.bundle.unit-test";
		};
		A1DB5EE12A46F3000062D57B /* github_demo_uploadUITests */ = {
			isa = PBXNativeTarget;
			buildConfigurationList = A1DB5EF22A46F3000062D57B /* Build configuration list for PBXNativeTarget "github_demo_uploadUITests" */;
			buildPhases = (
				A1DB5EDE2A46F3000062D57B /* Sources */,
				A1DB5EDF2A46F3000062D57B /* Frameworks */,
				A1DB5EE02A46F3000062D57B /* Resources */,
			);
			buildRules = (
			);
			dependencies = (
				A1DB5EE42A46F3000062D57B /* PBXTargetDependency */,
			);
			name = github_demo_uploadUITests;
			productName = github_demo_uploadUITests;
			productReference = A1DB5EE22A46F3000062D57B /* github_demo_uploadUITests.xctest */;
			productType = "com.apple.product-type.bundle.ui-testing";
		};
/* End PBXNativeTarget section */

/* Begin PBXProject section */
		A1DB5EC02A46F2FE0062D57B /* Project object */ = {
			isa = PBXProject;
			attributes = {
				BuildIndependentTargetsInParallel = 1;
				LastSwiftUpdateCheck = 1430;
				LastUpgradeCheck = 1430;
				TargetAttributes = {
					A1DB5EC72A46F2FE0062D57B = {
						CreatedOnToolsVersion = 14.3.1;
					};
					A1DB5ED72A46F3000062D57B = {
						CreatedOnToolsVersion = 14.3.1;
						TestTargetID = A1DB5EC72A46F2FE0062D57B;
					};
					A1DB5EE12A46F3000062D57B = {
						CreatedOnToolsVersion = 14.3.1;
						TestTargetID = A1DB5EC72A46F2FE0062D57B;
					};
				};
			};
			buildConfigurationList = A1DB5EC32A46F2FE0062D57B /* Build configuration list for PBXProject "github_demo_upload" */;
			compatibilityVersion = "Xcode 14.0";
			developmentRegion = en;
			hasScannedForEncodings = 0;
			knownRegions = (
				en,
				Base,
			);
			mainGroup = A1DB5EBF2A46F2FD0062D57B;
			productRefGroup = A1DB5EC92A46F2FE0062D57B /* Products */;
			projectDirPath = "";
			projectRoot = "";
			targets = (
				A1DB5EC72A46F2FE0062D57B /* github_demo_upload */,
				A1DB5ED72A46F3000062D57B /* github_demo_uploadTests */,
				A1DB5EE12A46F3000062D57B /* github_demo_uploadUITests */,
			);
		};
/* End PBXProject section */

/* Begin PBXResourcesBuildPhase section */
		A1DB5EC62A46F2FE0062D57B /* Resources */ = {
			isa = PBXResourcesBuildPhase;
			buildActionMask = 2147483647;
			files = (
				A1DB5ED32A46F3000062D57B /* Preview Assets.xcassets in Resources */,
				A1DB5ED02A46F3000062D57B /* Assets.xcassets in Resources */,
			);
			runOnlyForDeploymentPostprocessing = 0;
		};
		A1DB5ED62A46F3000062D57B /* Resources */ = {
			isa = PBXResourcesBuildPhase;
			buildActionMask = 2147483647;
			files = (
			);
			runOnlyForDeploymentPostprocessing = 0;
		};
		A1DB5EE02A46F3000062D57B /* Resources */ = {
			isa = PBXResourcesBuildPhase;
			buildActionMask = 2147483647;
			files = (
			);
			runOnlyForDeploymentPostprocessing = 0;
		};
/* End PBXResourcesBuildPhase section */

/* Begin PBXSourcesBuildPhase section */
		A1DB5EC42A46F2FE0062D57B /* Sources */ = {
			isa = PBXSourcesBuildPhase;
			buildActionMask = 2147483647;
			files = (
				A1DB5ECE2A46F2FE0062D57B /* ContentView.swift in Sources */,
				A1DB5ECC2A46F2FE0062D57B /* github_demo_uploadApp.swift in Sources */,
			);
			runOnlyForDeploymentPostprocessing = 0;
		};
		A1DB5ED42A46F3000062D57B /* Sources */ = {
			isa = PBXSourcesBuildPhase;
			buildActionMask = 2147483647;
			files = (
				A1DB5EDD2A46F3000062D57B /* github_demo_uploadTests.swift in Sources */,
			);
			runOnlyForDeploymentPostprocessing = 0;
		};
		A1DB5EDE2A46F3000062D57B /* Sources */ = {
			isa = PBXSourcesBuildPhase;
			buildActionMask = 2147483647;
			files = (
				A1DB5EE72A46F3000062D57B /* github_demo_uploadUITests.swift in Sources */,
				A1DB5EE92A46F3000062D57B /* github_demo_uploadUITestsLaunchTests.swift in Sources */,
			);
			runOnlyForDeploymentPostprocessing = 0;
		};
/* End PBXSourcesBuildPhase section */

/* Begin PBXTargetDependency section */
		A1DB5EDA2A46F3000062D57B /* PBXTargetDependency */ = {
			isa = PBXTargetDependency;
			target = A1DB5EC72A46F2FE0062D57B /* github_demo_upload */;
			targetProxy = A1DB5ED92A46F3000062D57B /* PBXContainerItemProxy */;
		};
		A1DB5EE42A46F3000062D57B /* PBXTargetDependency */ = {
			isa = PBXTargetDependency;
			target = A1DB5EC72A46F2FE0062D57B /* github_demo_upload */;
			targetProxy = A1DB5EE32A46F3000062D57B /* PBXContainerItemProxy */;
		};
/* End PBXTargetDependency section */

/* Begin XCBuildConfiguration section */
		A1DB5EEA2A46F3000062D57B /* Debug */ = {
			isa = XCBuildConfiguration;
			buildSettings = {
				ALWAYS_SEARCH_USER_PATHS = NO;
				CLANG_ANALYZER_NONNULL = YES;
				CLANG_ANALYZER_NUMBER_OBJECT_CONVERSION = YES_AGGRESSIVE;
				CLANG_CXX_LANGUAGE_STANDARD = "gnu++20";
				CLANG_ENABLE_MODULES = YES;
				CLANG_ENABLE_OBJC_ARC = YES;
				CLANG_ENABLE_OBJC_WEAK = YES;
				CLANG_WARN_BLOCK_CAPTURE_AUTORELEASING = YES;
				CLANG_WARN_BOOL_CONVERSION = YES;
				CLANG_WARN_COMMA = YES;
				CLANG_WARN_CONSTANT_CONVERSION = YES;
				CLANG_WARN_DEPRECATED_OBJC_IMPLEMENTATIONS = YES;
				CLANG_WARN_DIRECT_OBJC_ISA_USAGE = YES_ERROR;
				CLANG_WARN_DOCUMENTATION_COMMENTS = YES;
				CLANG_WARN_EMPTY_BODY = YES;
				CLANG_WARN_ENUM_CONVERSION = YES;
				CLANG_WARN_INFINITE_RECURSION = YES;
				CLANG_WARN_INT_CONVERSION = YES;
				CLANG_WARN_NON_LITERAL_NULL_CONVERSION = YES;
				CLANG_WARN_OBJC_IMPLICIT_RETAIN_SELF = YES;
				CLANG_WARN_OBJC_LITERAL_CONVERSION = YES;
				CLANG_WARN_OBJC_ROOT_CLASS = YES_ERROR;
				CLANG_WARN_QUOTED_INCLUDE_IN_FRAMEWORK_HEADER = YES;
				CLANG_WARN_RANGE_LOOP_ANALYSIS = YES;
				CLANG_WARN_STRICT_PROTOTYPES = YES;
				CLANG_WARN_SUSPICIOUS_MOVE = YES;
				CLANG_WARN_UNGUARDED_AVAILABILITY = YES_AGGRESSIVE;
				CLANG_WARN_UNREACHABLE_CODE = YES;
				CLANG_WARN__DUPLICATE_METHOD_MATCH = YES;
				COPY_PHASE_STRIP = NO;
				DEBUG_INFORMATION_FORMAT = dwarf;
				ENABLE_STRICT_OBJC_MSGSEND = YES;
				ENABLE_TESTABILITY = YES;
				GCC_C_LANGUAGE_STANDARD = gnu11;
				GCC_DYNAMIC_NO_PIC = NO;
				GCC_NO_COMMON_BLOCKS = YES;
				GCC_OPTIMIZATION_LEVEL = 0;
				GCC_PREPROCESSOR_DEFINITIONS = (
					"DEBUG=1",
					"$(inherited)",
				);
				GCC_WARN_64_TO_32_BIT_CONVERSION = YES;
				GCC_WARN_ABOUT_RETURN_TYPE = YES_ERROR;
				GCC_WARN_UNDECLARED_SELECTOR = YES;
				GCC_WARN_UNINITIALIZED_AUTOS = YES_AGGRESSIVE;
				GCC_WARN_UNUSED_FUNCTION = YES;
				GCC_WARN_UNUSED_VARIABLE = YES;
				IPHONEOS_DEPLOYMENT_TARGET = 16.4;
				MTL_ENABLE_DEBUG_INFO = INCLUDE_SOURCE;
				MTL_FAST_MATH = YES;
				ONLY_ACTIVE_ARCH = YES;
				SDKROOT = iphoneos;
				SWIFT_ACTIVE_COMPILATION_CONDITIONS = DEBUG;
				SWIFT_OPTIMIZATION_LEVEL = "-Onone";
			};
			name = Debug;
		};
		A1DB5EEB2A46F3000062D57B /* Release */ = {
			isa = XCBuildConfiguration;
			buildSettings = {
				ALWAYS_SEARCH_USER_PATHS = NO;
				CLANG_ANALYZER_NONNULL = YES;
				CLANG_ANALYZER_NUMBER_OBJECT_CONVERSION = YES_AGGRESSIVE;
				CLANG_CXX_LANGUAGE_STANDARD = "gnu++20";
				CLANG_ENABLE_MODULES = YES;
				CLANG_ENABLE_OBJC_ARC = YES;
				CLANG_ENABLE_OBJC_WEAK = YES;
				CLANG_WARN_BLOCK_CAPTURE_AUTORELEASING = YES;
				CLANG_WARN_BOOL_CONVERSION = YES;
				CLANG_WARN_COMMA = YES;
				CLANG_WARN_CONSTANT_CONVERSION = YES;
				CLANG_WARN_DEPRECATED_OBJC_IMPLEMENTATIONS = YES;
				CLANG_WARN_DIRECT_OBJC_ISA_USAGE = YES_ERROR;
				CLANG_WARN_DOCUMENTATION_COMMENTS = YES;
				CLANG_WARN_EMPTY_BODY = YES;
				CLANG_WARN_ENUM_CONVERSION = YES;
				CLANG_WARN_INFINITE_RECURSION = YES;
				CLANG_WARN_INT_CONVERSION = YES;
				CLANG_WARN_NON_LITERAL_NULL_CONVERSION = YES;
				CLANG_WARN_OBJC_IMPLICIT_RETAIN_SELF = YES;
				CLANG_WARN_OBJC_LITERAL_CONVERSION = YES;
				CLANG_WARN_OBJC_ROOT_CLASS = YES_ERROR;
				CLANG_WARN_QUOTED_INCLUDE_IN_FRAMEWORK_HEADER = YES;
				CLANG_WARN_RANGE_LOOP_ANALYSIS = YES;
				CLANG_WARN_STRICT_PROTOTYPES = YES;
				CLANG_WARN_SUSPICIOUS_MOVE = YES;
				CLANG_WARN_UNGUARDED_AVAILABILITY = YES_AGGRESSIVE;
				CLANG_WARN_UNREACHABLE_CODE = YES;
				CLANG_WARN__DUPLICATE_METHOD_MATCH = YES;
				COPY_PHASE_STRIP = NO;
				DEBUG_INFORMATION_FORMAT = "dwarf-with-dsym";
				ENABLE_NS_ASSERTIONS = NO;
				ENABLE_STRICT_OBJC_MSGSEND = YES;
				GCC_C_LANGUAGE_STANDARD = gnu11;
				GCC_NO_COMMON_BLOCKS = YES;
				GCC_WARN_64_TO_32_BIT_CONVERSION = YES;
				GCC_WARN_ABOUT_RETURN_TYPE = YES_ERROR;
				GCC_WARN_UNDECLARED_SELECTOR = YES;
				GCC_WARN_UNINITIALIZED_AUTOS = YES_AGGRESSIVE;
				GCC_WARN_UNUSED_FUNCTION = YES;
				GCC_WARN_UNUSED_VARIABLE = YES;
				IPHONEOS_DEPLOYMENT_TARGET = 16.4;
				MTL_ENABLE_DEBUG_INFO = NO;
				MTL_FAST_MATH = YES;
				SDKROOT = iphoneos;
				SWIFT_COMPILATION_MODE = wholemodule;
				SWIFT_OPTIMIZATION_LEVEL = "-O";
				VALIDATE_PRODUCT = YES;
			};
			name = Release;
		};
		A1DB5EED2A46F3000062D57B /* Debug */ = {
			isa = XCBuildConfiguration;
			buildSettings = {
				ASSETCATALOG_COMPILER_APPICON_NAME = AppIcon;
				ASSETCATALOG_COMPILER_GLOBAL_ACCENT_COLOR_NAME = AccentColor;
				CODE_SIGN_STYLE = Automatic;
				CURRENT_PROJECT_VERSION = 1;
				DEVELOPMENT_ASSET_PATHS = "\"github_demo_upload/Preview Content\"";
				ENABLE_PREVIEWS = YES;
				GENERATE_INFOPLIST_FILE = YES;
				INFOPLIST_KEY_UIApplicationSceneManifest_Generation = YES;
				INFOPLIST_KEY_UIApplicationSupportsIndirectInputEvents = YES;
				INFOPLIST_KEY_UILaunchScreen_Generation = YES;
				INFOPLIST_KEY_UISupportedInterfaceOrientations_iPad = "UIInterfaceOrientationPortrait UIInterfaceOrientationPortraitUpsideDown UIInterfaceOrientationLandscapeLeft UIInterfaceOrientationLandscapeRight";
				INFOPLIST_KEY_UISupportedInterfaceOrientations_iPhone = "UIInterfaceOrientationPortrait UIInterfaceOrientationLandscapeLeft UIInterfaceOrientationLandscapeRight";
				LD_RUNPATH_SEARCH_PATHS = (
					"$(inherited)",
					"@executable_path/Frameworks",
				);
				MARKETING_VERSION = 1.0;
				PRODUCT_BUNDLE_IDENTIFIER = "me.github-demo-upload";
				PRODUCT_NAME = "$(TARGET_NAME)";
				SWIFT_EMIT_LOC_STRINGS = YES;
				SWIFT_VERSION = 5.0;
				TARGETED_DEVICE_FAMILY = "1,2";
			};
			name = Debug;
		};
		A1DB5EEE2A46F3000062D57B /* Release */ = {
			isa = XCBuildConfiguration;
			buildSettings = {
				ASSETCATALOG_COMPILER_APPICON_NAME = AppIcon;
				ASSETCATALOG_COMPILER_GLOBAL_ACCENT_COLOR_NAME = AccentColor;
				CODE_SIGN_STYLE = Automatic;
				CURRENT_PROJECT_VERSION = 1;
				DEVELOPMENT_ASSET_PATHS = "\"github_demo_upload/Preview Content\"";
				ENABLE_PREVIEWS = YES;
				GENERATE_INFOPLIST_FILE = YES;
				INFOPLIST_KEY_UIApplicationSceneManifest_Generation = YES;
				INFOPLIST_KEY_UIApplicationSupportsIndirectInputEvents = YES;
				INFOPLIST_KEY_UILaunchScreen_Generation = YES;
				INFOPLIST_KEY_UISupportedInterfaceOrientations_iPad = "UIInterfaceOrientationPortrait UIInterfaceOrientationPortraitUpsideDown UIInterfaceOrientationLandscapeLeft UIInterfaceOrientationLandscapeRight";
				INFOPLIST_KEY_UISupportedInterfaceOrientations_iPhone = "UIInterfaceOrientationPortrait UIInterfaceOrientationLandscapeLeft UIInterfaceOrientationLandscapeRight";
				LD_RUNPATH_SEARCH_PATHS = (
					"$(inherited)",
					"@executable_path/Frameworks",
				);
				MARKETING_VERSION = 1.0;
				PRODUCT_BUNDLE_IDENTIFIER = "me.github-demo-upload";
				PRODUCT_NAME = "$(TARGET_NAME)";
				SWIFT_EMIT_LOC_STRINGS = YES;
				SWIFT_VERSION = 5.0;
				TARGETED_DEVICE_FAMILY = "1,2";
			};
			name = Release;
		};
		A1DB5EF02A46F3000062D57B /* Debug */ = {
			isa = XCBuildConfiguration;
			buildSettings = {
				ALWAYS_EMBED_SWIFT_STANDARD_LIBRARIES = YES;
				BUNDLE_LOADER = "$(TEST_HOST)";
				CODE_SIGN_STYLE = Automatic;
				CURRENT_PROJECT_VERSION = 1;
				GENERATE_INFOPLIST_FILE = YES;
				IPHONEOS_DEPLOYMENT_TARGET = 16.4;
				MARKETING_VERSION = 1.0;
				PRODUCT_BUNDLE_IDENTIFIER = "me.github-demo-uploadTests";
				PRODUCT_NAME = "$(TARGET_NAME)";
				SWIFT_EMIT_LOC_STRINGS = NO;
				SWIFT_VERSION = 5.0;
				TARGETED_DEVICE_FAMILY = "1,2";
				TEST_HOST = "$(BUILT_PRODUCTS_DIR)/github_demo_upload.app/$(BUNDLE_EXECUTABLE_FOLDER_PATH)/github_demo_upload";
			};
			name = Debug;
		};
		A1DB5EF12A46F3000062D57B /* Release */ = {
			isa = XCBuildConfiguration;
			buildSettings = {
				ALWAYS_EMBED_SWIFT_STANDARD_LIBRARIES = YES;
				BUNDLE_LOADER = "$(TEST_HOST)";
				CODE_SIGN_STYLE = Automatic;
				CURRENT_PROJECT_VERSION = 1;
				GENERATE_INFOPLIST_FILE = YES;
				IPHONEOS_DEPLOYMENT_TARGET = 16.4;
				MARKETING_VERSION = 1.0;
				PRODUCT_BUNDLE_IDENTIFIER = "me.github-demo-uploadTests";
				PRODUCT_NAME = "$(TARGET_NAME)";
				SWIFT_EMIT_LOC_STRINGS = NO;
				SWIFT_VERSION = 5.0;
				TARGETED_DEVICE_FAMILY = "1,2";
				TEST_HOST = "$(BUILT_PRODUCTS_DIR)/github_demo_upload.app/$(BUNDLE_EXECUTABLE_FOLDER_PATH)/github_demo_upload";
			};
			name = Release;
		};
		A1DB5EF32A46F3000062D57B /* Debug */ = {
			isa = XCBuildConfiguration;
			buildSettings = {
				ALWAYS_EMBED_SWIFT_STANDARD_LIBRARIES = YES;
				CODE_SIGN_STYLE = Automatic;
				CURRENT_PROJECT_VERSION = 1;
				GENERATE_INFOPLIST_FILE = YES;
				MARKETING_VERSION = 1.0;
				PRODUCT_BUNDLE_IDENTIFIER = "me.github-demo-uploadUITests";
				PRODUCT_NAME = "$(TARGET_NAME)";
				SWIFT_EMIT_LOC_STRINGS = NO;
				SWIFT_VERSION = 5.0;
				TARGETED_DEVICE_FAMILY = "1,2";
				TEST_TARGET_NAME = github_demo_upload;
			};
			name = Debug;
		};
		A1DB5EF42A46F3000062D57B /* Release */ = {
			isa = XCBuildConfiguration;
			buildSettings = {
				ALWAYS_EMBED_SWIFT_STANDARD_LIBRARIES = YES;
				CODE_SIGN_STYLE = Automatic;
				CURRENT_PROJECT_VERSION = 1;
				GENERATE_INFOPLIST_FILE = YES;
				MARKETING_VERSION = 1.0;
				PRODUCT_BUNDLE_IDENTIFIER = "me.github-demo-uploadUITests";
				PRODUCT_NAME = "$(TARGET_NAME)";
				SWIFT_EMIT_LOC_STRINGS = NO;
				SWIFT_VERSION = 5.0;
				TARGETED_DEVICE_FAMILY = "1,2";
				TEST_TARGET_NAME = github_demo_upload;
			};
			name = Release;
		};
/* End XCBuildConfiguration section */

/* Begin XCConfigurationList section */
		A1DB5EC32A46F2FE0062D57B /* Build configuration list for PBXProject "github_demo_upload" */ = {
			isa = XCConfigurationList;
			buildConfigurations = (
				A1DB5EEA2A46F3000062D57B /* Debug */,
				A1DB5EEB2A46F3000062D57B /* Release */,
			);
			defaultConfigurationIsVisible = 0;
			defaultConfigurationName = Release;
		};
		A1DB5EEC2A46F3000062D57B /* Build configuration list for PBXNativeTarget "github_demo_upload" */ = {
			isa = XCConfigurationList;
			buildConfigurations = (
				A1DB5EED2A46F3000062D57B /* Debug */,
				A1DB5EEE2A46F3000062D57B /* Release */,
			);
			defaultConfigurationIsVisible = 0;
			defaultConfigurationName = Release;
		};
		A1DB5EEF2A46F3000062D57B /* Build configuration list for PBXNativeTarget "github_demo_uploadTests" */ = {
			isa = XCConfigurationList;
			buildConfigurations = (
				A1DB5EF02A46F3000062D57B /* Debug */,
				A1DB5EF12A46F3000062D57B /* Release */,
			);
			defaultConfigurationIsVisible = 0;
			defaultConfigurationName = Release;
		};
		A1DB5EF22A46F3000062D57B /* Build configuration list for PBXNativeTarget "github_demo_uploadUITests" */ = {
			isa = XCConfigurationList;
			buildConfigurations = (
				A1DB5EF32A46F3000062D57B /* Debug */,
				A1DB5EF42A46F3000062D57B /* Release */,
			);
			defaultConfigurationIsVisible = 0;
			defaultConfigurationName = Release;
		};
/* End XCConfigurationList section */
	};
	rootObject = A1DB5EC02A46F2FE0062D57B /* Project object */;
}
